
Microsoft Visual Studio Solution File, Format Version 12.00
# Visual Studio Version 17
VisualStudioVersion = 17.14.36221.1 d17.14
MinimumVisualStudioVersion = 10.0.40219.1
Project("{FAE04EC0-301F-11D3-BF4B-00C04F79EFBC}") = "ProjectTracker.Api", "ProjectTracker.Api\ProjectTracker.Api.csproj", "{4EA68065-E5FB-4125-B977-8DF859E13637}"
EndProject
Project("{FAE04EC0-301F-11D3-BF4B-00C04F79EFBC}") = "ProjectTracker.Application", "ProjectTracker.Application\ProjectTracker.Application.csproj", "{295953F2-C487-4548-B866-9D6F8221541B}"
EndProject
Project("{FAE04EC0-301F-11D3-BF4B-00C04F79EFBC}") = "ProjectTracker.Domain", "ProjectTracker.Domain\ProjectTracker.Domain.csproj", "{52B97DB2-F793-4F05-AB88-3635CE158354}"
EndProject
Project("{FAE04EC0-301F-11D3-BF4B-00C04F79EFBC}") = "ProjectTracker.Infrastructure", "ProjectTracker.Infrastructure\ProjectTracker.Infrastructure.csproj", "{B659520B-3D6A-4324-9782-8EABE2BB1E1E}"
EndProject
Project("{FAE04EC0-301F-11D3-BF4B-00C04F79EFBC}") = "ProjectTracker.Tests", "ProjectTracker.Tests\ProjectTracker.Tests.csproj", "{EF0F2FC5-8079-452D-9A5F-9C2B0C630C6B}"
EndProject
Global
	GlobalSection(SolutionConfigurationPlatforms) = preSolution
		Debug|Any CPU = Debug|Any CPU
		Release|Any CPU = Release|Any CPU
	EndGlobalSection
	GlobalSection(ProjectConfigurationPlatforms) = postSolution
		{4EA68065-E5FB-4125-B977-8DF859E13637}.Debug|Any CPU.ActiveCfg = Debug|Any CPU
		{4EA68065-E5FB-4125-B977-8DF859E13637}.Debug|Any CPU.Build.0 = Debug|Any CPU
		{4EA68065-E5FB-4125-B977-8DF859E13637}.Release|Any CPU.ActiveCfg = Release|Any CPU
		{4EA68065-E5FB-4125-B977-8DF859E13637}.Release|Any CPU.Build.0 = Release|Any CPU
		{295953F2-C487-4548-B866-9D6F8221541B}.Debug|Any CPU.ActiveCfg = Debug|Any CPU
		{295953F2-C487-4548-B866-9D6F8221541B}.Debug|Any CPU.Build.0 = Debug|Any CPU
		{295953F2-C487-4548-B866-9D6F8221541B}.Release|Any CPU.ActiveCfg = Release|Any CPU
		{295953F2-C487-4548-B866-9D6F8221541B}.Release|Any CPU.Build.0 = Release|Any CPU
		{52B97DB2-F793-4F05-AB88-3635CE158354}.Debug|Any CPU.ActiveCfg = Debug|Any CPU
		{52B97DB2-F793-4F05-AB88-3635CE158354}.Debug|Any CPU.Build.0 = Debug|Any CPU
		{52B97DB2-F793-4F05-AB88-3635CE158354}.Release|Any CPU.ActiveCfg = Release|Any CPU
		{52B97DB2-F793-4F05-AB88-3635CE158354}.Release|Any CPU.Build.0 = Release|Any CPU
		{B659520B-3D6A-4324-9782-8EABE2BB1E1E}.Debug|Any CPU.ActiveCfg = Debug|Any CPU
		{B659520B-3D6A-4324-9782-8EABE2BB1E1E}.Debug|Any CPU.Build.0 = Debug|Any CPU
		{B659520B-3D6A-4324-9782-8EABE2BB1E1E}.Release|Any CPU.ActiveCfg = Release|Any CPU
		{B659520B-3D6A-4324-9782-8EABE2BB1E1E}.Release|Any CPU.Build.0 = Release|Any CPU
		{EF0F2FC5-8079-452D-9A5F-9C2B0C630C6B}.Debug|Any CPU.ActiveCfg = Debug|Any CPU
		{EF0F2FC5-8079-452D-9A5F-9C2B0C630C6B}.Debug|Any CPU.Build.0 = Debug|Any CPU
		{EF0F2FC5-8079-452D-9A5F-9C2B0C630C6B}.Release|Any CPU.ActiveCfg = Release|Any CPU
		{EF0F2FC5-8079-452D-9A5F-9C2B0C630C6B}.Release|Any CPU.Build.0 = Release|Any CPU
	EndGlobalSection
	GlobalSection(SolutionProperties) = preSolution
		HideSolutionNode = FALSE
	EndGlobalSection
	GlobalSection(ExtensibilityGlobals) = postSolution
		SolutionGuid = {1744B4B4-E459-464E-A250-0C6EC8134338}
	EndGlobalSection
EndGlobal
